// !$*UTF8*$!
{
	archiveVersion = 1;
	classes = {
	};
	objectVersion = 55;
	objects = {

/* Begin PBXBuildFile section */
		8E022F26281D4AC400DDB0A8 /* StartView.swift in Sources */ = {isa = PBXBuildFile; fileRef = 8E022F25281D4AC400DDB0A8 /* StartView.swift */; };
		8E473EC9281D0F1C002482C7 /* NC1_StaApp.swift in Sources */ = {isa = PBXBuildFile; fileRef = 8E473EC8281D0F1C002482C7 /* NC1_StaApp.swift */; };
		8E473ECB281D0F1C002482C7 /* ContentView.swift in Sources */ = {isa = PBXBuildFile; fileRef = 8E473ECA281D0F1C002482C7 /* ContentView.swift */; };
		8E473ECD281D0F1D002482C7 /* Assets.xcassets in Resources */ = {isa = PBXBuildFile; fileRef = 8E473ECC281D0F1D002482C7 /* Assets.xcassets */; };
		8E473ED0281D0F1D002482C7 /* Preview Assets.xcassets in Resources */ = {isa = PBXBuildFile; fileRef = 8E473ECF281D0F1D002482C7 /* Preview Assets.xcassets */; };
		8E5F59AE281D620A0099CEEF /* Add Grammar View.swift in Sources */ = {isa = PBXBuildFile; fileRef = 8E5F59AD281D620A0099CEEF /* Add Grammar View.swift */; };
		8E5F59B2281D90F40099CEEF /* Grammar Storage View.swift in Sources */ = {isa = PBXBuildFile; fileRef = 8E5F59B1281D90F40099CEEF /* Grammar Storage View.swift */; };
		8E5F59B4281D91F20099CEEF /* Grammar Correction View.swift in Sources */ = {isa = PBXBuildFile; fileRef = 8E5F59B3281D91F20099CEEF /* Grammar Correction View.swift */; };
		8E5F59B6281D92270099CEEF /* Bookmark View.swift in Sources */ = {isa = PBXBuildFile; fileRef = 8E5F59B5281D92270099CEEF /* Bookmark View.swift */; };
		8E5F59B8281D99E50099CEEF /* Setting View.swift in Sources */ = {isa = PBXBuildFile; fileRef = 8E5F59B7281D99E50099CEEF /* Setting View.swift */; };
		8E5F59C02821140F0099CEEF /* Card View.swift in Sources */ = {isa = PBXBuildFile; fileRef = 8E5F59BF2821140F0099CEEF /* Card View.swift */; };
		8EE8F1CE282171E700CDB306 /* Button View.swift in Sources */ = {isa = PBXBuildFile; fileRef = 8EE8F1CD282171E700CDB306 /* Button View.swift */; };
		8EE8F1D52821887100CDB306 /* Bookmark Card View.swift in Sources */ = {isa = PBXBuildFile; fileRef = 8EE8F1D42821887100CDB306 /* Bookmark Card View.swift */; };
/* End PBXBuildFile section */

/* Begin PBXFileReference section */
		8E022F25281D4AC400DDB0A8 /* StartView.swift */ = {isa = PBXFileReference; lastKnownFileType = sourcecode.swift; path = StartView.swift; sourceTree = "<group>"; };
		8E473EC5281D0F1C002482C7 /* NC1_Sta.app */ = {isa = PBXFileReference; explicitFileType = wrapper.application; includeInIndex = 0; path = NC1_Sta.app; sourceTree = BUILT_PRODUCTS_DIR; };
		8E473EC8281D0F1C002482C7 /* NC1_StaApp.swift */ = {isa = PBXFileReference; lastKnownFileType = sourcecode.swift; path = NC1_StaApp.swift; sourceTree = "<group>"; };
		8E473ECA281D0F1C002482C7 /* ContentView.swift */ = {isa = PBXFileReference; lastKnownFileType = sourcecode.swift; path = ContentView.swift; sourceTree = "<group>"; };
		8E473ECC281D0F1D002482C7 /* Assets.xcassets */ = {isa = PBXFileReference; lastKnownFileType = folder.assetcatalog; path = Assets.xcassets; sourceTree = "<group>"; };
		8E473ECF281D0F1D002482C7 /* Preview Assets.xcassets */ = {isa = PBXFileReference; lastKnownFileType = folder.assetcatalog; path = "Preview Assets.xcassets"; sourceTree = "<group>"; };
		8E5F59AD281D620A0099CEEF /* Add Grammar View.swift */ = {isa = PBXFileReference; lastKnownFileType = sourcecode.swift; path = "Add Grammar View.swift"; sourceTree = "<group>"; };
		8E5F59B1281D90F40099CEEF /* Grammar Storage View.swift */ = {isa = PBXFileReference; lastKnownFileType = sourcecode.swift; path = "Grammar Storage View.swift"; sourceTree = "<group>"; };
		8E5F59B3281D91F20099CEEF /* Grammar Correction View.swift */ = {isa = PBXFileReference; lastKnownFileType = sourcecode.swift; path = "Grammar Correction View.swift"; sourceTree = "<group>"; };
		8E5F59B5281D92270099CEEF /* Bookmark View.swift */ = {isa = PBXFileReference; lastKnownFileType = sourcecode.swift; path = "Bookmark View.swift"; sourceTree = "<group>"; };
		8E5F59B7281D99E50099CEEF /* Setting View.swift */ = {isa = PBXFileReference; lastKnownFileType = sourcecode.swift; path = "Setting View.swift"; sourceTree = "<group>"; };
		8E5F59BF2821140F0099CEEF /* Card View.swift */ = {isa = PBXFileReference; lastKnownFileType = sourcecode.swift; path = "Card View.swift"; sourceTree = "<group>"; };
		8EE8F1CD282171E700CDB306 /* Button View.swift */ = {isa = PBXFileReference; lastKnownFileType = sourcecode.swift; path = "Button View.swift"; sourceTree = "<group>"; };
		8EE8F1D42821887100CDB306 /* Bookmark Card View.swift */ = {isa = PBXFileReference; lastKnownFileType = sourcecode.swift; path = "Bookmark Card View.swift"; sourceTree = "<group>"; };
/* End PBXFileReference section */

/* Begin PBXFrameworksBuildPhase section */
		8E473EC2281D0F1C002482C7 /* Frameworks */ = {
			isa = PBXFrameworksBuildPhase;
			buildActionMask = 2147483647;
			files = (
			);
			runOnlyForDeploymentPostprocessing = 0;
		};
/* End PBXFrameworksBuildPhase section */

/* Begin PBXGroup section */
		8E473EBC281D0F1B002482C7 = {
			isa = PBXGroup;
			children = (
				8E473EC7281D0F1C002482C7 /* NC1_Sta */,
				8E473EC6281D0F1C002482C7 /* Products */,
			);
			sourceTree = "<group>";
		};
		8E473EC6281D0F1C002482C7 /* Products */ = {
			isa = PBXGroup;
			children = (
				8E473EC5281D0F1C002482C7 /* NC1_Sta.app */,
			);
			name = Products;
			sourceTree = "<group>";
		};
		8E473EC7281D0F1C002482C7 /* NC1_Sta */ = {
			isa = PBXGroup;
			children = (
				8E473EC8281D0F1C002482C7 /* NC1_StaApp.swift */,
				8EE8F1D32821839700CDB306 /* Start */,
				8E473ECA281D0F1C002482C7 /* ContentView.swift */,
				8EE8F1CF282182F800CDB306 /* Grammer */,
				8EE8F1D22821834000CDB306 /* Storage */,
				8EE8F1D12821831800CDB306 /* Bookmark */,
				8EE8F1D02821830400CDB306 /* Setting */,
				8EE8F1CD282171E700CDB306 /* Button View.swift */,
				8E473ECC281D0F1D002482C7 /* Assets.xcassets */,
				8E473ECE281D0F1D002482C7 /* Preview Content */,
			);
			path = NC1_Sta;
			sourceTree = "<group>";
		};
		8E473ECE281D0F1D002482C7 /* Preview Content */ = {
			isa = PBXGroup;
			children = (
				8E473ECF281D0F1D002482C7 /* Preview Assets.xcassets */,
			);
			path = "Preview Content";
			sourceTree = "<group>";
		};
		8EE8F1CF282182F800CDB306 /* Grammer */ = {
			isa = PBXGroup;
			children = (
				8E5F59AD281D620A0099CEEF /* Add Grammar View.swift */,
				8E5F59B3281D91F20099CEEF /* Grammar Correction View.swift */,
			);
			path = Grammer;
			sourceTree = "<group>";
		};
		8EE8F1D02821830400CDB306 /* Setting */ = {
			isa = PBXGroup;
			children = (
				8E5F59B7281D99E50099CEEF /* Setting View.swift */,
			);
			path = Setting;
			sourceTree = "<group>";
		};
		8EE8F1D12821831800CDB306 /* Bookmark */ = {
			isa = PBXGroup;
			children = (
				8EE8F1D42821887100CDB306 /* Bookmark Card View.swift */,
				8E5F59B5281D92270099CEEF /* Bookmark View.swift */,
			);
			path = Bookmark;
			sourceTree = "<group>";
		};
		8EE8F1D22821834000CDB306 /* Storage */ = {
			isa = PBXGroup;
			children = (
				8E5F59BF2821140F0099CEEF /* Card View.swift */,
				8E5F59B1281D90F40099CEEF /* Grammar Storage View.swift */,
			);
			path = Storage;
			sourceTree = "<group>";
		};
		8EE8F1D32821839700CDB306 /* Start */ = {
			isa = PBXGroup;
			children = (
				8E022F25281D4AC400DDB0A8 /* StartView.swift */,
			);
			path = Start;
			sourceTree = "<group>";
		};
/* End PBXGroup section */

/* Begin PBXNativeTarget section */
		8E473EC4281D0F1C002482C7 /* NC1_Sta */ = {
			isa = PBXNativeTarget;
			buildConfigurationList = 8E473ED3281D0F1D002482C7 /* Build configuration list for PBXNativeTarget "NC1_Sta" */;
			buildPhases = (
				8E473EC1281D0F1C002482C7 /* Sources */,
				8E473EC2281D0F1C002482C7 /* Frameworks */,
				8E473EC3281D0F1C002482C7 /* Resources */,
			);
			buildRules = (
			);
			dependencies = (
			);
			name = NC1_Sta;
			productName = NC1_Sta;
			productReference = 8E473EC5281D0F1C002482C7 /* NC1_Sta.app */;
			productType = "com.apple.product-type.application";
		};
/* End PBXNativeTarget section */

/* Begin PBXProject section */
		8E473EBD281D0F1B002482C7 /* Project object */ = {
			isa = PBXProject;
			attributes = {
				BuildIndependentTargetsInParallel = 1;
				LastSwiftUpdateCheck = 1330;
				LastUpgradeCheck = 1330;
				TargetAttributes = {
					8E473EC4281D0F1C002482C7 = {
						CreatedOnToolsVersion = 13.3.1;
					};
				};
			};
			buildConfigurationList = 8E473EC0281D0F1B002482C7 /* Build configuration list for PBXProject "NC1_Sta" */;
			compatibilityVersion = "Xcode 13.0";
			developmentRegion = en;
			hasScannedForEncodings = 0;
			knownRegions = (
				en,
				Base,
			);
			mainGroup = 8E473EBC281D0F1B002482C7;
			productRefGroup = 8E473EC6281D0F1C002482C7 /* Products */;
			projectDirPath = "";
			projectRoot = "";
			targets = (
				8E473EC4281D0F1C002482C7 /* NC1_Sta */,
			);
		};
/* End PBXProject section */

/* Begin PBXResourcesBuildPhase section */
		8E473EC3281D0F1C002482C7 /* Resources */ = {
			isa = PBXResourcesBuildPhase;
			buildActionMask = 2147483647;
			files = (
				8E473ED0281D0F1D002482C7 /* Preview Assets.xcassets in Resources */,
				8E473ECD281D0F1D002482C7 /* Assets.xcassets in Resources */,
			);
			runOnlyForDeploymentPostprocessing = 0;
		};
/* End PBXResourcesBuildPhase section */

/* Begin PBXSourcesBuildPhase section */
		8E473EC1281D0F1C002482C7 /* Sources */ = {
			isa = PBXSourcesBuildPhase;
			buildActionMask = 2147483647;
			files = (
				8E473ECB281D0F1C002482C7 /* ContentView.swift in Sources */,
				8E5F59B6281D92270099CEEF /* Bookmark View.swift in Sources */,
				8E5F59B4281D91F20099CEEF /* Grammar Correction View.swift in Sources */,
				8E022F26281D4AC400DDB0A8 /* StartView.swift in Sources */,
				8E5F59C02821140F0099CEEF /* Card View.swift in Sources */,
				8E5F59AE281D620A0099CEEF /* Add Grammar View.swift in Sources */,
				8EE8F1CE282171E700CDB306 /* Button View.swift in Sources */,
				8E5F59B2281D90F40099CEEF /* Grammar Storage View.swift in Sources */,
				8E473EC9281D0F1C002482C7 /* NC1_StaApp.swift in Sources */,
				8EE8F1D52821887100CDB306 /* Bookmark Card View.swift in Sources */,
				8E5F59B8281D99E50099CEEF /* Setting View.swift in Sources */,
			);
			runOnlyForDeploymentPostprocessing = 0;
		};
/* End PBXSourcesBuildPhase section */

/* Begin XCBuildConfiguration section */
		8E473ED1281D0F1D002482C7 /* Debug */ = {
			isa = XCBuildConfiguration;
			buildSettings = {
				ALWAYS_SEARCH_USER_PATHS = NO;
				CLANG_ANALYZER_NONNULL = YES;
				CLANG_ANALYZER_NUMBER_OBJECT_CONVERSION = YES_AGGRESSIVE;
				CLANG_CXX_LANGUAGE_STANDARD = "gnu++17";
				CLANG_ENABLE_MODULES = YES;
				CLANG_ENABLE_OBJC_ARC = YES;
				CLANG_ENABLE_OBJC_WEAK = YES;
				CLANG_WARN_BLOCK_CAPTURE_AUTORELEASING = YES;
				CLANG_WARN_BOOL_CONVERSION = YES;
				CLANG_WARN_COMMA = YES;
				CLANG_WARN_CONSTANT_CONVERSION = YES;
				CLANG_WARN_DEPRECATED_OBJC_IMPLEMENTATIONS = YES;
				CLANG_WARN_DIRECT_OBJC_ISA_USAGE = YES_ERROR;
				CLANG_WARN_DOCUMENTATION_COMMENTS = YES;
				CLANG_WARN_EMPTY_BODY = YES;
				CLANG_WARN_ENUM_CONVERSION = YES;
				CLANG_WARN_INFINITE_RECURSION = YES;
				CLANG_WARN_INT_CONVERSION = YES;
				CLANG_WARN_NON_LITERAL_NULL_CONVERSION = YES;
				CLANG_WARN_OBJC_IMPLICIT_RETAIN_SELF = YES;
				CLANG_WARN_OBJC_LITERAL_CONVERSION = YES;
				CLANG_WARN_OBJC_ROOT_CLASS = YES_ERROR;
				CLANG_WARN_QUOTED_INCLUDE_IN_FRAMEWORK_HEADER = YES;
				CLANG_WARN_RANGE_LOOP_ANALYSIS = YES;
				CLANG_WARN_STRICT_PROTOTYPES = YES;
				CLANG_WARN_SUSPICIOUS_MOVE = YES;
				CLANG_WARN_UNGUARDED_AVAILABILITY = YES_AGGRESSIVE;
				CLANG_WARN_UNREACHABLE_CODE = YES;
				CLANG_WARN__DUPLICATE_METHOD_MATCH = YES;
				COPY_PHASE_STRIP = NO;
				DEBUG_INFORMATION_FORMAT = dwarf;
				ENABLE_STRICT_OBJC_MSGSEND = YES;
				ENABLE_TESTABILITY = YES;
				GCC_C_LANGUAGE_STANDARD = gnu11;
				GCC_DYNAMIC_NO_PIC = NO;
				GCC_NO_COMMON_BLOCKS = YES;
				GCC_OPTIMIZATION_LEVEL = 0;
				GCC_PREPROCESSOR_DEFINITIONS = (
					"DEBUG=1",
					"$(inherited)",
				);
				GCC_WARN_64_TO_32_BIT_CONVERSION = YES;
				GCC_WARN_ABOUT_RETURN_TYPE = YES_ERROR;
				GCC_WARN_UNDECLARED_SELECTOR = YES;
				GCC_WARN_UNINITIALIZED_AUTOS = YES_AGGRESSIVE;
				GCC_WARN_UNUSED_FUNCTION = YES;
				GCC_WARN_UNUSED_VARIABLE = YES;
				IPHONEOS_DEPLOYMENT_TARGET = 15.4;
				MTL_ENABLE_DEBUG_INFO = INCLUDE_SOURCE;
				MTL_FAST_MATH = YES;
				ONLY_ACTIVE_ARCH = YES;
				SDKROOT = iphoneos;
				SWIFT_ACTIVE_COMPILATION_CONDITIONS = DEBUG;
				SWIFT_OPTIMIZATION_LEVEL = "-Onone";
			};
			name = Debug;
		};
		8E473ED2281D0F1D002482C7 /* Release */ = {
			isa = XCBuildConfiguration;
			buildSettings = {
				ALWAYS_SEARCH_USER_PATHS = NO;
				CLANG_ANALYZER_NONNULL = YES;
				CLANG_ANALYZER_NUMBER_OBJECT_CONVERSION = YES_AGGRESSIVE;
				CLANG_CXX_LANGUAGE_STANDARD = "gnu++17";
				CLANG_ENABLE_MODULES = YES;
				CLANG_ENABLE_OBJC_ARC = YES;
				CLANG_ENABLE_OBJC_WEAK = YES;
				CLANG_WARN_BLOCK_CAPTURE_AUTORELEASING = YES;
				CLANG_WARN_BOOL_CONVERSION = YES;
				CLANG_WARN_COMMA = YES;
				CLANG_WARN_CONSTANT_CONVERSION = YES;
				CLANG_WARN_DEPRECATED_OBJC_IMPLEMENTATIONS = YES;
				CLANG_WARN_DIRECT_OBJC_ISA_USAGE = YES_ERROR;
				CLANG_WARN_DOCUMENTATION_COMMENTS = YES;
				CLANG_WARN_EMPTY_BODY = YES;
				CLANG_WARN_ENUM_CONVERSION = YES;
				CLANG_WARN_INFINITE_RECURSION = YES;
				CLANG_WARN_INT_CONVERSION = YES;
				CLANG_WARN_NON_LITERAL_NULL_CONVERSION = YES;
				CLANG_WARN_OBJC_IMPLICIT_RETAIN_SELF = YES;
				CLANG_WARN_OBJC_LITERAL_CONVERSION = YES;
				CLANG_WARN_OBJC_ROOT_CLASS = YES_ERROR;
				CLANG_WARN_QUOTED_INCLUDE_IN_FRAMEWORK_HEADER = YES;
				CLANG_WARN_RANGE_LOOP_ANALYSIS = YES;
				CLANG_WARN_STRICT_PROTOTYPES = YES;
				CLANG_WARN_SUSPICIOUS_MOVE = YES;
				CLANG_WARN_UNGUARDED_AVAILABILITY = YES_AGGRESSIVE;
				CLANG_WARN_UNREACHABLE_CODE = YES;
				CLANG_WARN__DUPLICATE_METHOD_MATCH = YES;
				COPY_PHASE_STRIP = NO;
				DEBUG_INFORMATION_FORMAT = "dwarf-with-dsym";
				ENABLE_NS_ASSERTIONS = NO;
				ENABLE_STRICT_OBJC_MSGSEND = YES;
				GCC_C_LANGUAGE_STANDARD = gnu11;
				GCC_NO_COMMON_BLOCKS = YES;
				GCC_WARN_64_TO_32_BIT_CONVERSION = YES;
				GCC_WARN_ABOUT_RETURN_TYPE = YES_ERROR;
				GCC_WARN_UNDECLARED_SELECTOR = YES;
				GCC_WARN_UNINITIALIZED_AUTOS = YES_AGGRESSIVE;
				GCC_WARN_UNUSED_FUNCTION = YES;
				GCC_WARN_UNUSED_VARIABLE = YES;
				IPHONEOS_DEPLOYMENT_TARGET = 15.4;
				MTL_ENABLE_DEBUG_INFO = NO;
				MTL_FAST_MATH = YES;
				SDKROOT = iphoneos;
				SWIFT_COMPILATION_MODE = wholemodule;
				SWIFT_OPTIMIZATION_LEVEL = "-O";
				VALIDATE_PRODUCT = YES;
			};
			name = Release;
		};
		8E473ED4281D0F1D002482C7 /* Debug */ = {
			isa = XCBuildConfiguration;
			buildSettings = {
				ASSETCATALOG_COMPILER_APPICON_NAME = AppIcon;
				ASSETCATALOG_COMPILER_GLOBAL_ACCENT_COLOR_NAME = AccentColor;
				CODE_SIGN_STYLE = Automatic;
				CURRENT_PROJECT_VERSION = 1;
				DEVELOPMENT_ASSET_PATHS = "\"NC1_Sta/Preview Content\"";
				ENABLE_PREVIEWS = YES;
				GENERATE_INFOPLIST_FILE = YES;
				INFOPLIST_KEY_UIApplicationSceneManifest_Generation = YES;
				INFOPLIST_KEY_UIApplicationSupportsIndirectInputEvents = YES;
				INFOPLIST_KEY_UILaunchScreen_Generation = YES;
				INFOPLIST_KEY_UISupportedInterfaceOrientations_iPad = "UIInterfaceOrientationPortrait UIInterfaceOrientationPortraitUpsideDown UIInterfaceOrientationLandscapeLeft UIInterfaceOrientationLandscapeRight";
				INFOPLIST_KEY_UISupportedInterfaceOrientations_iPhone = "UIInterfaceOrientationPortrait UIInterfaceOrientationLandscapeLeft UIInterfaceOrientationLandscapeRight";
				LD_RUNPATH_SEARCH_PATHS = (
					"$(inherited)",
					"@executable_path/Frameworks",
				);
				MARKETING_VERSION = 1.0;
				PRODUCT_BUNDLE_IDENTIFIER = "developer.Lau.NC1-Sta";
				PRODUCT_NAME = "$(TARGET_NAME)";
				SWIFT_EMIT_LOC_STRINGS = YES;
				SWIFT_VERSION = 5.0;
				TARGETED_DEVICE_FAMILY = "1,2";
			};
			name = Debug;
		};
		8E473ED5281D0F1D002482C7 /* Release */ = {
			isa = XCBuildConfiguration;
			buildSettings = {
				ASSETCATALOG_COMPILER_APPICON_NAME = AppIcon;
				ASSETCATALOG_COMPILER_GLOBAL_ACCENT_COLOR_NAME = AccentColor;
				CODE_SIGN_STYLE = Automatic;
				CURRENT_PROJECT_VERSION = 1;
				DEVELOPMENT_ASSET_PATHS = "\"NC1_Sta/Preview Content\"";
				ENABLE_PREVIEWS = YES;
				GENERATE_INFOPLIST_FILE = YES;
				INFOPLIST_KEY_UIApplicationSceneManifest_Generation = YES;
				INFOPLIST_KEY_UIApplicationSupportsIndirectInputEvents = YES;
				INFOPLIST_KEY_UILaunchScreen_Generation = YES;
				INFOPLIST_KEY_UISupportedInterfaceOrientations_iPad = "UIInterfaceOrientationPortrait UIInterfaceOrientationPortraitUpsideDown UIInterfaceOrientationLandscapeLeft UIInterfaceOrientationLandscapeRight";
				INFOPLIST_KEY_UISupportedInterfaceOrientations_iPhone = "UIInterfaceOrientationPortrait UIInterfaceOrientationLandscapeLeft UIInterfaceOrientationLandscapeRight";
				LD_RUNPATH_SEARCH_PATHS = (
					"$(inherited)",
					"@executable_path/Frameworks",
				);
				MARKETING_VERSION = 1.0;
				PRODUCT_BUNDLE_IDENTIFIER = "developer.Lau.NC1-Sta";
				PRODUCT_NAME = "$(TARGET_NAME)";
				SWIFT_EMIT_LOC_STRINGS = YES;
				SWIFT_VERSION = 5.0;
				TARGETED_DEVICE_FAMILY = "1,2";
			};
			name = Release;
		};
/* End XCBuildConfiguration section */

/* Begin XCConfigurationList section */
		8E473EC0281D0F1B002482C7 /* Build configuration list for PBXProject "NC1_Sta" */ = {
			isa = XCConfigurationList;
			buildConfigurations = (
				8E473ED1281D0F1D002482C7 /* Debug */,
				8E473ED2281D0F1D002482C7 /* Release */,
			);
			defaultConfigurationIsVisible = 0;
			defaultConfigurationName = Release;
		};
		8E473ED3281D0F1D002482C7 /* Build configuration list for PBXNativeTarget "NC1_Sta" */ = {
			isa = XCConfigurationList;
			buildConfigurations = (
				8E473ED4281D0F1D002482C7 /* Debug */,
				8E473ED5281D0F1D002482C7 /* Release */,
			);
			defaultConfigurationIsVisible = 0;
			defaultConfigurationName = Release;
		};
/* End XCConfigurationList section */
	};
	rootObject = 8E473EBD281D0F1B002482C7 /* Project object */;
}
